
Microsoft Visual Studio Solution File, Format Version 12.00
# Visual Studio Version 17
VisualStudioVersion = 17.7.34024.191
MinimumVisualStudioVersion = 10.0.40219.1
Project("{9A19103F-16F7-4668-BE54-9A1E7A4F7556}") = "Library Management System Lab", "Library Management System Lab\Library Management System Lab.csproj", "{749F2AAA-BD7B-4525-8373-CE887CA1192A}"
EndProject
Global
	GlobalSection(SolutionConfigurationPlatforms) = preSolution
		Debug|Any CPU = Debug|Any CPU
		Release|Any CPU = Release|Any CPU
	EndGlobalSection
	GlobalSection(ProjectConfigurationPlatforms) = postSolution
		{749F2AAA-BD7B-4525-8373-CE887CA1192A}.Debug|Any CPU.ActiveCfg = Debug|Any CPU
		{749F2AAA-BD7B-4525-8373-CE887CA1192A}.Debug|Any CPU.Build.0 = Debug|Any CPU
		{749F2AAA-BD7B-4525-8373-CE887CA1192A}.Release|Any CPU.ActiveCfg = Release|Any CPU
		{749F2AAA-BD7B-4525-8373-CE887CA1192A}.Release|Any CPU.Build.0 = Release|Any CPU
	EndGlobalSection
	GlobalSection(SolutionProperties) = preSolution
		HideSolutionNode = FALSE
	EndGlobalSection
	GlobalSection(ExtensibilityGlobals) = postSolution
		SolutionGuid = {2BBF0C78-71A4-4EB0-9978-A135F35AAE30}
	EndGlobalSection
EndGlobal
